// !$*UTF8*$!
{
	archiveVersion = 1;
	classes = {
	};
	objectVersion = 50;
	objects = {

/* Begin PBXBuildFile section */
		B5047BA5221DA66700279A62 /* ViewController.swift in Sources */ = {isa = PBXBuildFile; fileRef = B5047BA4221DA66700279A62 /* ViewController.swift */; };
		B5047BA8221DA66700279A62 /* Main.storyboard in Resources */ = {isa = PBXBuildFile; fileRef = B5047BA6221DA66700279A62 /* Main.storyboard */; };
		B5047BAA221DA66B00279A62 /* Assets.xcassets in Resources */ = {isa = PBXBuildFile; fileRef = B5047BA9221DA66B00279A62 /* Assets.xcassets */; };
		B5047BAD221DA66B00279A62 /* LaunchScreen.storyboard in Resources */ = {isa = PBXBuildFile; fileRef = B5047BAB221DA66B00279A62 /* LaunchScreen.storyboard */; };
		B5047BB8221DA66C00279A62 /* PlannerTests.swift in Sources */ = {isa = PBXBuildFile; fileRef = B5047BB7221DA66C00279A62 /* PlannerTests.swift */; };
		B577FEB5221F0DB00040CC41 /* TaskListController.swift in Sources */ = {isa = PBXBuildFile; fileRef = B577FEB4221F0DB00040CC41 /* TaskListController.swift */; };
		B57DF55322293C93000EA406 /* TaskListCell.swift in Sources */ = {isa = PBXBuildFile; fileRef = B57DF55222293C93000EA406 /* TaskListCell.swift */; };
		B57DF5BC2230252C000EA406 /* AppDelegate.swift in Sources */ = {isa = PBXBuildFile; fileRef = B57DF5BB2230252C000EA406 /* AppDelegate.swift */; };
		B57DF5BF223025CB000EA406 /* Planner.xcdatamodeld in Sources */ = {isa = PBXBuildFile; fileRef = B57DF5BD223025CB000EA406 /* Planner.xcdatamodeld */; };
/* End PBXBuildFile section */

/* Begin PBXContainerItemProxy section */
		B5047BB4221DA66C00279A62 /* PBXContainerItemProxy */ = {
			isa = PBXContainerItemProxy;
			containerPortal = B5047B97221DA66700279A62 /* Project object */;
			proxyType = 1;
			remoteGlobalIDString = B5047B9E221DA66700279A62;
			remoteInfo = Planner;
		};
/* End PBXContainerItemProxy section */

/* Begin PBXFileReference section */
		B5047B9F221DA66700279A62 /* Planner.app */ = {isa = PBXFileReference; explicitFileType = wrapper.application; includeInIndex = 0; path = Planner.app; sourceTree = BUILT_PRODUCTS_DIR; };
		B5047BA4221DA66700279A62 /* ViewController.swift */ = {isa = PBXFileReference; lastKnownFileType = sourcecode.swift; path = ViewController.swift; sourceTree = "<group>"; };
		B5047BA7221DA66700279A62 /* Base */ = {isa = PBXFileReference; lastKnownFileType = file.storyboard; name = Base; path = Base.lproj/Main.storyboard; sourceTree = "<group>"; };
		B5047BA9221DA66B00279A62 /* Assets.xcassets */ = {isa = PBXFileReference; lastKnownFileType = folder.assetcatalog; path = Assets.xcassets; sourceTree = "<group>"; };
		B5047BAC221DA66B00279A62 /* Base */ = {isa = PBXFileReference; lastKnownFileType = file.storyboard; name = Base; path = Base.lproj/LaunchScreen.storyboard; sourceTree = "<group>"; };
		B5047BAE221DA66B00279A62 /* Info.plist */ = {isa = PBXFileReference; lastKnownFileType = text.plist.xml; path = Info.plist; sourceTree = "<group>"; };
		B5047BB3221DA66C00279A62 /* PlannerTests.xctest */ = {isa = PBXFileReference; explicitFileType = wrapper.cfbundle; includeInIndex = 0; path = PlannerTests.xctest; sourceTree = BUILT_PRODUCTS_DIR; };
		B5047BB7221DA66C00279A62 /* PlannerTests.swift */ = {isa = PBXFileReference; lastKnownFileType = sourcecode.swift; path = PlannerTests.swift; sourceTree = "<group>"; };
		B5047BB9221DA66C00279A62 /* Info.plist */ = {isa = PBXFileReference; lastKnownFileType = text.plist.xml; path = Info.plist; sourceTree = "<group>"; };
		B577FEB4221F0DB00040CC41 /* TaskListController.swift */ = {isa = PBXFileReference; lastKnownFileType = sourcecode.swift; path = TaskListController.swift; sourceTree = "<group>"; };
		B57DF55222293C93000EA406 /* TaskListCell.swift */ = {isa = PBXFileReference; lastKnownFileType = sourcecode.swift; path = TaskListCell.swift; sourceTree = "<group>"; };
		B57DF5BB2230252C000EA406 /* AppDelegate.swift */ = {isa = PBXFileReference; fileEncoding = 4; lastKnownFileType = sourcecode.swift; path = AppDelegate.swift; sourceTree = "<group>"; };
		B57DF5BE223025CB000EA406 /* Model.xcdatamodel */ = {isa = PBXFileReference; lastKnownFileType = wrapper.xcdatamodel; path = Model.xcdatamodel; sourceTree = "<group>"; };
/* End PBXFileReference section */

/* Begin PBXFrameworksBuildPhase section */
		B5047B9C221DA66700279A62 /* Frameworks */ = {
			isa = PBXFrameworksBuildPhase;
			buildActionMask = 2147483647;
			files = (
			);
			runOnlyForDeploymentPostprocessing = 0;
		};
		B5047BB0221DA66C00279A62 /* Frameworks */ = {
			isa = PBXFrameworksBuildPhase;
			buildActionMask = 2147483647;
			files = (
			);
			runOnlyForDeploymentPostprocessing = 0;
		};
/* End PBXFrameworksBuildPhase section */

/* Begin PBXGroup section */
		B5047B96221DA66700279A62 = {
			isa = PBXGroup;
			children = (
				B5047BA1221DA66700279A62 /* Planner */,
				B5047BB6221DA66C00279A62 /* PlannerTests */,
				B5047BA0221DA66700279A62 /* Products */,
			);
			sourceTree = "<group>";
		};
		B5047BA0221DA66700279A62 /* Products */ = {
			isa = PBXGroup;
			children = (
				B5047B9F221DA66700279A62 /* Planner.app */,
				B5047BB3221DA66C00279A62 /* PlannerTests.xctest */,
			);
			name = Products;
			sourceTree = "<group>";
		};
		B5047BA1221DA66700279A62 /* Planner */ = {
			isa = PBXGroup;
			children = (
				B57DF55122293C42000EA406 /* Cells */,
				B577FEB3221F0CB00040CC41 /* Storyboards */,
				B577FEB1221F0C2D0040CC41 /* Controllers */,
				B5047BA9221DA66B00279A62 /* Assets.xcassets */,
				B5047BAE221DA66B00279A62 /* Info.plist */,
				B57DF5BD223025CB000EA406 /* Planner.xcdatamodeld */,
			);
			path = Planner;
			sourceTree = "<group>";
		};
		B5047BB6221DA66C00279A62 /* PlannerTests */ = {
			isa = PBXGroup;
			children = (
				B5047BB7221DA66C00279A62 /* PlannerTests.swift */,
				B5047BB9221DA66C00279A62 /* Info.plist */,
			);
			path = PlannerTests;
			sourceTree = "<group>";
		};
		B577FEB1221F0C2D0040CC41 /* Controllers */ = {
			isa = PBXGroup;
			children = (
				B5047BA4221DA66700279A62 /* ViewController.swift */,
				B577FEB2221F0C550040CC41 /* List */,
			);
			path = Controllers;
			sourceTree = "<group>";
		};
		B577FEB2221F0C550040CC41 /* List */ = {
			isa = PBXGroup;
			children = (
				B577FEB4221F0DB00040CC41 /* TaskListController.swift */,
				B57DF5BB2230252C000EA406 /* AppDelegate.swift */,
			);
			path = List;
			sourceTree = "<group>";
		};
		B577FEB3221F0CB00040CC41 /* Storyboards */ = {
			isa = PBXGroup;
			children = (
				B5047BA6221DA66700279A62 /* Main.storyboard */,
				B5047BAB221DA66B00279A62 /* LaunchScreen.storyboard */,
			);
			path = Storyboards;
			sourceTree = "<group>";
		};
		B57DF55122293C42000EA406 /* Cells */ = {
			isa = PBXGroup;
			children = (
				B57DF55222293C93000EA406 /* TaskListCell.swift */,
			);
			path = Cells;
			sourceTree = "<group>";
		};
/* End PBXGroup section */

/* Begin PBXNativeTarget section */
		B5047B9E221DA66700279A62 /* Planner */ = {
			isa = PBXNativeTarget;
			buildConfigurationList = B5047BBC221DA66C00279A62 /* Build configuration list for PBXNativeTarget "Planner" */;
			buildPhases = (
				B5047B9B221DA66700279A62 /* Sources */,
				B5047B9C221DA66700279A62 /* Frameworks */,
				B5047B9D221DA66700279A62 /* Resources */,
			);
			buildRules = (
			);
			dependencies = (
			);
			name = Planner;
			productName = Planner;
			productReference = B5047B9F221DA66700279A62 /* Planner.app */;
			productType = "com.apple.product-type.application";
		};
		B5047BB2221DA66C00279A62 /* PlannerTests */ = {
			isa = PBXNativeTarget;
			buildConfigurationList = B5047BBF221DA66C00279A62 /* Build configuration list for PBXNativeTarget "PlannerTests" */;
			buildPhases = (
				B5047BAF221DA66C00279A62 /* Sources */,
				B5047BB0221DA66C00279A62 /* Frameworks */,
				B5047BB1221DA66C00279A62 /* Resources */,
			);
			buildRules = (
			);
			dependencies = (
				B5047BB5221DA66C00279A62 /* PBXTargetDependency */,
			);
			name = PlannerTests;
			productName = PlannerTests;
			productReference = B5047BB3221DA66C00279A62 /* PlannerTests.xctest */;
			productType = "com.apple.product-type.bundle.unit-test";
		};
/* End PBXNativeTarget section */

/* Begin PBXProject section */
		B5047B97221DA66700279A62 /* Project object */ = {
			isa = PBXProject;
			attributes = {
				LastSwiftUpdateCheck = 1010;
				LastUpgradeCheck = 1010;
				ORGANIZATIONNAME = "Кирилл Кибешев";
				TargetAttributes = {
					B5047B9E221DA66700279A62 = {
						CreatedOnToolsVersion = 10.1;
					};
					B5047BB2221DA66C00279A62 = {
						CreatedOnToolsVersion = 10.1;
						TestTargetID = B5047B9E221DA66700279A62;
					};
				};
			};
			buildConfigurationList = B5047B9A221DA66700279A62 /* Build configuration list for PBXProject "Planner" */;
			compatibilityVersion = "Xcode 9.3";
			developmentRegion = en;
			hasScannedForEncodings = 0;
			knownRegions = (
				en,
				Base,
			);
			mainGroup = B5047B96221DA66700279A62;
			productRefGroup = B5047BA0221DA66700279A62 /* Products */;
			projectDirPath = "";
			projectRoot = "";
			targets = (
				B5047B9E221DA66700279A62 /* Planner */,
				B5047BB2221DA66C00279A62 /* PlannerTests */,
			);
		};
/* End PBXProject section */

/* Begin PBXResourcesBuildPhase section */
		B5047B9D221DA66700279A62 /* Resources */ = {
			isa = PBXResourcesBuildPhase;
			buildActionMask = 2147483647;
			files = (
				B5047BAD221DA66B00279A62 /* LaunchScreen.storyboard in Resources */,
				B5047BAA221DA66B00279A62 /* Assets.xcassets in Resources */,
				B5047BA8221DA66700279A62 /* Main.storyboard in Resources */,
			);
			runOnlyForDeploymentPostprocessing = 0;
		};
		B5047BB1221DA66C00279A62 /* Resources */ = {
			isa = PBXResourcesBuildPhase;
			buildActionMask = 2147483647;
			files = (
			);
			runOnlyForDeploymentPostprocessing = 0;
		};
/* End PBXResourcesBuildPhase section */

/* Begin PBXSourcesBuildPhase section */
		B5047B9B221DA66700279A62 /* Sources */ = {
			isa = PBXSourcesBuildPhase;
			buildActionMask = 2147483647;
			files = (
				B5047BA5221DA66700279A62 /* ViewController.swift in Sources */,
				B57DF55322293C93000EA406 /* TaskListCell.swift in Sources */,
				B57DF5BC2230252C000EA406 /* AppDelegate.swift in Sources */,
				B577FEB5221F0DB00040CC41 /* TaskListController.swift in Sources */,
				B57DF5BF223025CB000EA406 /* Planner.xcdatamodeld in Sources */,
			);
			runOnlyForDeploymentPostprocessing = 0;
		};
		B5047BAF221DA66C00279A62 /* Sources */ = {
			isa = PBXSourcesBuildPhase;
			buildActionMask = 2147483647;
			files = (
				B5047BB8221DA66C00279A62 /* PlannerTests.swift in Sources */,
			);
			runOnlyForDeploymentPostprocessing = 0;
		};
/* End PBXSourcesBuildPhase section */

/* Begin PBXTargetDependency section */
		B5047BB5221DA66C00279A62 /* PBXTargetDependency */ = {
			isa = PBXTargetDependency;
			target = B5047B9E221DA66700279A62 /* Planner */;
			targetProxy = B5047BB4221DA66C00279A62 /* PBXContainerItemProxy */;
		};
/* End PBXTargetDependency section */

/* Begin PBXVariantGroup section */
		B5047BA6221DA66700279A62 /* Main.storyboard */ = {
			isa = PBXVariantGroup;
			children = (
				B5047BA7221DA66700279A62 /* Base */,
			);
			name = Main.storyboard;
			sourceTree = "<group>";
		};
		B5047BAB221DA66B00279A62 /* LaunchScreen.storyboard */ = {
			isa = PBXVariantGroup;
			children = (
				B5047BAC221DA66B00279A62 /* Base */,
			);
			name = LaunchScreen.storyboard;
			sourceTree = "<group>";
		};
/* End PBXVariantGroup section */

/* Begin XCBuildConfiguration section */
		B5047BBA221DA66C00279A62 /* Debug */ = {
			isa = XCBuildConfiguration;
			buildSettings = {
				ALWAYS_SEARCH_USER_PATHS = NO;
				CLANG_ANALYZER_NONNULL = YES;
				CLANG_ANALYZER_NUMBER_OBJECT_CONVERSION = YES_AGGRESSIVE;
				CLANG_CXX_LANGUAGE_STANDARD = "gnu++14";
				CLANG_CXX_LIBRARY = "libc++";
				CLANG_ENABLE_MODULES = YES;
				CLANG_ENABLE_OBJC_ARC = YES;
				CLANG_ENABLE_OBJC_WEAK = YES;
				CLANG_WARN_BLOCK_CAPTURE_AUTORELEASING = YES;
				CLANG_WARN_BOOL_CONVERSION = YES;
				CLANG_WARN_COMMA = YES;
				CLANG_WARN_CONSTANT_CONVERSION = YES;
				CLANG_WARN_DEPRECATED_OBJC_IMPLEMENTATIONS = YES;
				CLANG_WARN_DIRECT_OBJC_ISA_USAGE = YES_ERROR;
				CLANG_WARN_DOCUMENTATION_COMMENTS = YES;
				CLANG_WARN_EMPTY_BODY = YES;
				CLANG_WARN_ENUM_CONVERSION = YES;
				CLANG_WARN_INFINITE_RECURSION = YES;
				CLANG_WARN_INT_CONVERSION = YES;
				CLANG_WARN_NON_LITERAL_NULL_CONVERSION = YES;
				CLANG_WARN_OBJC_IMPLICIT_RETAIN_SELF = YES;
				CLANG_WARN_OBJC_LITERAL_CONVERSION = YES;
				CLANG_WARN_OBJC_ROOT_CLASS = YES_ERROR;
				CLANG_WARN_RANGE_LOOP_ANALYSIS = YES;
				CLANG_WARN_STRICT_PROTOTYPES = YES;
				CLANG_WARN_SUSPICIOUS_MOVE = YES;
				CLANG_WARN_UNGUARDED_AVAILABILITY = YES_AGGRESSIVE;
				CLANG_WARN_UNREACHABLE_CODE = YES;
				CLANG_WARN__DUPLICATE_METHOD_MATCH = YES;
				CODE_SIGN_IDENTITY = "iPhone Developer";
				COPY_PHASE_STRIP = NO;
				DEBUG_INFORMATION_FORMAT = dwarf;
				ENABLE_STRICT_OBJC_MSGSEND = YES;
				ENABLE_TESTABILITY = YES;
				GCC_C_LANGUAGE_STANDARD = gnu11;
				GCC_DYNAMIC_NO_PIC = NO;
				GCC_NO_COMMON_BLOCKS = YES;
				GCC_OPTIMIZATION_LEVEL = 0;
				GCC_PREPROCESSOR_DEFINITIONS = (
					"DEBUG=1",
					"$(inherited)",
				);
				GCC_WARN_64_TO_32_BIT_CONVERSION = YES;
				GCC_WARN_ABOUT_RETURN_TYPE = YES_ERROR;
				GCC_WARN_UNDECLARED_SELECTOR = YES;
				GCC_WARN_UNINITIALIZED_AUTOS = YES_AGGRESSIVE;
				GCC_WARN_UNUSED_FUNCTION = YES;
				GCC_WARN_UNUSED_VARIABLE = YES;
				IPHONEOS_DEPLOYMENT_TARGET = 12.1;
				MTL_ENABLE_DEBUG_INFO = INCLUDE_SOURCE;
				MTL_FAST_MATH = YES;
				ONLY_ACTIVE_ARCH = YES;
				SDKROOT = iphoneos;
				SWIFT_ACTIVE_COMPILATION_CONDITIONS = DEBUG;
				SWIFT_OPTIMIZATION_LEVEL = "-Onone";
			};
			name = Debug;
		};
		B5047BBB221DA66C00279A62 /* Release */ = {
			isa = XCBuildConfiguration;
			buildSettings = {
				ALWAYS_SEARCH_USER_PATHS = NO;
				CLANG_ANALYZER_NONNULL = YES;
				CLANG_ANALYZER_NUMBER_OBJECT_CONVERSION = YES_AGGRESSIVE;
				CLANG_CXX_LANGUAGE_STANDARD = "gnu++14";
				CLANG_CXX_LIBRARY = "libc++";
				CLANG_ENABLE_MODULES = YES;
				CLANG_ENABLE_OBJC_ARC = YES;
				CLANG_ENABLE_OBJC_WEAK = YES;
				CLANG_WARN_BLOCK_CAPTURE_AUTORELEASING = YES;
				CLANG_WARN_BOOL_CONVERSION = YES;
				CLANG_WARN_COMMA = YES;
				CLANG_WARN_CONSTANT_CONVERSION = YES;
				CLANG_WARN_DEPRECATED_OBJC_IMPLEMENTATIONS = YES;
				CLANG_WARN_DIRECT_OBJC_ISA_USAGE = YES_ERROR;
				CLANG_WARN_DOCUMENTATION_COMMENTS = YES;
				CLANG_WARN_EMPTY_BODY = YES;
				CLANG_WARN_ENUM_CONVERSION = YES;
				CLANG_WARN_INFINITE_RECURSION = YES;
				CLANG_WARN_INT_CONVERSION = YES;
				CLANG_WARN_NON_LITERAL_NULL_CONVERSION = YES;
				CLANG_WARN_OBJC_IMPLICIT_RETAIN_SELF = YES;
				CLANG_WARN_OBJC_LITERAL_CONVERSION = YES;
				CLANG_WARN_OBJC_ROOT_CLASS = YES_ERROR;
				CLANG_WARN_RANGE_LOOP_ANALYSIS = YES;
				CLANG_WARN_STRICT_PROTOTYPES = YES;
				CLANG_WARN_SUSPICIOUS_MOVE = YES;
				CLANG_WARN_UNGUARDED_AVAILABILITY = YES_AGGRESSIVE;
				CLANG_WARN_UNREACHABLE_CODE = YES;
				CLANG_WARN__DUPLICATE_METHOD_MATCH = YES;
				CODE_SIGN_IDENTITY = "iPhone Developer";
				COPY_PHASE_STRIP = NO;
				DEBUG_INFORMATION_FORMAT = "dwarf-with-dsym";
				ENABLE_NS_ASSERTIONS = NO;
				ENABLE_STRICT_OBJC_MSGSEND = YES;
				GCC_C_LANGUAGE_STANDARD = gnu11;
				GCC_NO_COMMON_BLOCKS = YES;
				GCC_WARN_64_TO_32_BIT_CONVERSION = YES;
				GCC_WARN_ABOUT_RETURN_TYPE = YES_ERROR;
				GCC_WARN_UNDECLARED_SELECTOR = YES;
				GCC_WARN_UNINITIALIZED_AUTOS = YES_AGGRESSIVE;
				GCC_WARN_UNUSED_FUNCTION = YES;
				GCC_WARN_UNUSED_VARIABLE = YES;
				IPHONEOS_DEPLOYMENT_TARGET = 12.1;
				MTL_ENABLE_DEBUG_INFO = NO;
				MTL_FAST_MATH = YES;
				SDKROOT = iphoneos;
				SWIFT_COMPILATION_MODE = wholemodule;
				SWIFT_OPTIMIZATION_LEVEL = "-O";
				VALIDATE_PRODUCT = YES;
			};
			name = Release;
		};
		B5047BBD221DA66C00279A62 /* Debug */ = {
			isa = XCBuildConfiguration;
			buildSettings = {
				ASSETCATALOG_COMPILER_APPICON_NAME = AppIcon;
				CODE_SIGN_STYLE = Automatic;
				DEVELOPMENT_TEAM = ZA784FKXHV;
				INFOPLIST_FILE = Planner/Info.plist;
				IPHONEOS_DEPLOYMENT_TARGET = 10.2;
				LD_RUNPATH_SEARCH_PATHS = (
					"$(inherited)",
					"@executable_path/Frameworks",
				);
				PRODUCT_BUNDLE_IDENTIFIER = kbshv.com.Planner;
				PRODUCT_NAME = "$(TARGET_NAME)";
				SWIFT_VERSION = 4.2;
				TARGETED_DEVICE_FAMILY = "1,2";
			};
			name = Debug;
		};
		B5047BBE221DA66C00279A62 /* Release */ = {
			isa = XCBuildConfiguration;
			buildSettings = {
				ASSETCATALOG_COMPILER_APPICON_NAME = AppIcon;
				CODE_SIGN_STYLE = Automatic;
				DEVELOPMENT_TEAM = ZA784FKXHV;
				INFOPLIST_FILE = Planner/Info.plist;
				IPHONEOS_DEPLOYMENT_TARGET = 10.2;
				LD_RUNPATH_SEARCH_PATHS = (
					"$(inherited)",
					"@executable_path/Frameworks",
				);
				PRODUCT_BUNDLE_IDENTIFIER = kbshv.com.Planner;
				PRODUCT_NAME = "$(TARGET_NAME)";
				SWIFT_VERSION = 4.2;
				TARGETED_DEVICE_FAMILY = "1,2";
			};
			name = Release;
		};
		B5047BC0221DA66C00279A62 /* Debug */ = {
			isa = XCBuildConfiguration;
			buildSettings = {
				ALWAYS_EMBED_SWIFT_STANDARD_LIBRARIES = YES;
				BUNDLE_LOADER = "$(TEST_HOST)";
				CODE_SIGN_STYLE = Automatic;
				INFOPLIST_FILE = PlannerTests/Info.plist;
				LD_RUNPATH_SEARCH_PATHS = (
					"$(inherited)",
					"@executable_path/Frameworks",
					"@loader_path/Frameworks",
				);
				PRODUCT_BUNDLE_IDENTIFIER = kbshv.com.PlannerTests;
				PRODUCT_NAME = "$(TARGET_NAME)";
				SWIFT_VERSION = 4.2;
				TARGETED_DEVICE_FAMILY = "1,2";
				TEST_HOST = "$(BUILT_PRODUCTS_DIR)/Planner.app/Planner";
			};
			name = Debug;
		};
		B5047BC1221DA66C00279A62 /* Release */ = {
			isa = XCBuildConfiguration;
			buildSettings = {
				ALWAYS_EMBED_SWIFT_STANDARD_LIBRARIES = YES;
				BUNDLE_LOADER = "$(TEST_HOST)";
				CODE_SIGN_STYLE = Automatic;
				INFOPLIST_FILE = PlannerTests/Info.plist;
				LD_RUNPATH_SEARCH_PATHS = (
					"$(inherited)",
					"@executable_path/Frameworks",
					"@loader_path/Frameworks",
				);
				PRODUCT_BUNDLE_IDENTIFIER = kbshv.com.PlannerTests;
				PRODUCT_NAME = "$(TARGET_NAME)";
				SWIFT_VERSION = 4.2;
				TARGETED_DEVICE_FAMILY = "1,2";
				TEST_HOST = "$(BUILT_PRODUCTS_DIR)/Planner.app/Planner";
			};
			name = Release;
		};
/* End XCBuildConfiguration section */

/* Begin XCConfigurationList section */
		B5047B9A221DA66700279A62 /* Build configuration list for PBXProject "Planner" */ = {
			isa = XCConfigurationList;
			buildConfigurations = (
				B5047BBA221DA66C00279A62 /* Debug */,
				B5047BBB221DA66C00279A62 /* Release */,
			);
			defaultConfigurationIsVisible = 0;
			defaultConfigurationName = Release;
		};
		B5047BBC221DA66C00279A62 /* Build configuration list for PBXNativeTarget "Planner" */ = {
			isa = XCConfigurationList;
			buildConfigurations = (
				B5047BBD221DA66C00279A62 /* Debug */,
				B5047BBE221DA66C00279A62 /* Release */,
			);
			defaultConfigurationIsVisible = 0;
			defaultConfigurationName = Release;
		};
		B5047BBF221DA66C00279A62 /* Build configuration list for PBXNativeTarget "PlannerTests" */ = {
			isa = XCConfigurationList;
			buildConfigurations = (
				B5047BC0221DA66C00279A62 /* Debug */,
				B5047BC1221DA66C00279A62 /* Release */,
			);
			defaultConfigurationIsVisible = 0;
			defaultConfigurationName = Release;
		};
/* End XCConfigurationList section */

/* Begin XCVersionGroup section */
		B57DF5BD223025CB000EA406 /* Planner.xcdatamodeld */ = {
			isa = XCVersionGroup;
			children = (
				B57DF5BE223025CB000EA406 /* Model.xcdatamodel */,
			);
			currentVersion = B57DF5BE223025CB000EA406 /* Model.xcdatamodel */;
			path = Planner.xcdatamodeld;
			sourceTree = "<group>";
			versionGroupType = wrapper.xcdatamodel;
		};
/* End XCVersionGroup section */
	};
	rootObject = B5047B97221DA66700279A62 /* Project object */;
}
